
Microsoft Visual Studio Solution File, Format Version 12.00
# Visual Studio Version 17
VisualStudioVersion = 17.9.34728.123
MinimumVisualStudioVersion = 10.0.40219.1
Project("{FAE04EC0-301F-11D3-BF4B-00C04F79EFBC}") = "Estructuracion-Espacio", "Estructuracion-Espacio\Estructuracion-Espacio.csproj", "{231D2173-961F-497D-A8D0-20BCC751BDFC}"
EndProject
Global
	GlobalSection(SolutionConfigurationPlatforms) = preSolution
		Debug|Any CPU = Debug|Any CPU
		Release|Any CPU = Release|Any CPU
	EndGlobalSection
	GlobalSection(ProjectConfigurationPlatforms) = postSolution
		{231D2173-961F-497D-A8D0-20BCC751BDFC}.Debug|Any CPU.ActiveCfg = Debug|Any CPU
		{231D2173-961F-497D-A8D0-20BCC751BDFC}.Debug|Any CPU.Build.0 = Debug|Any CPU
		{231D2173-961F-497D-A8D0-20BCC751BDFC}.Release|Any CPU.ActiveCfg = Release|Any CPU
		{231D2173-961F-497D-A8D0-20BCC751BDFC}.Release|Any CPU.Build.0 = Release|Any CPU
	EndGlobalSection
	GlobalSection(SolutionProperties) = preSolution
		HideSolutionNode = FALSE
	EndGlobalSection
	GlobalSection(ExtensibilityGlobals) = postSolution
		SolutionGuid = {488FC656-4B6F-4193-A1C2-166317842B91}
	EndGlobalSection
EndGlobal
